
Microsoft Visual Studio Solution File, Format Version 12.00
# Visual Studio Version 17
VisualStudioVersion = 17.2.32630.192
MinimumVisualStudioVersion = 10.0.40219.1
Project("{FAE04EC0-301F-11D3-BF4B-00C04F79EFBC}") = "StackAndQueueExample", "StackAndQueueExample\StackAndQueueExample.csproj", "{C9666790-68BA-4FA3-AA06-B52D940AAD4E}"
EndProject
Global
	GlobalSection(SolutionConfigurationPlatforms) = preSolution
		Debug|Any CPU = Debug|Any CPU
		Release|Any CPU = Release|Any CPU
	EndGlobalSection
	GlobalSection(ProjectConfigurationPlatforms) = postSolution
		{C9666790-68BA-4FA3-AA06-B52D940AAD4E}.Debug|Any CPU.ActiveCfg = Debug|Any CPU
		{C9666790-68BA-4FA3-AA06-B52D940AAD4E}.Debug|Any CPU.Build.0 = Debug|Any CPU
		{C9666790-68BA-4FA3-AA06-B52D940AAD4E}.Release|Any CPU.ActiveCfg = Release|Any CPU
		{C9666790-68BA-4FA3-AA06-B52D940AAD4E}.Release|Any CPU.Build.0 = Release|Any CPU
	EndGlobalSection
	GlobalSection(SolutionProperties) = preSolution
		HideSolutionNode = FALSE
	EndGlobalSection
	GlobalSection(ExtensibilityGlobals) = postSolution
		SolutionGuid = {69BA6F07-CF1A-4443-A1E1-41B630CD998F}
	EndGlobalSection
EndGlobal
